// !$*UTF8*$!
{
	archiveVersion = 1;
	classes = {
	};
	objectVersion = 56;
	objects = {

/* Begin PBXBuildFile section */
		931BFBA52AE0F22500FB1005 /* HierarchicalSearchResultView.swift in Sources */ = {isa = PBXBuildFile; fileRef = 931BFBA42AE0F22500FB1005 /* HierarchicalSearchResultView.swift */; };
		932024002AE00681008A0E06 /* ChineseWordSearchTestApp.swift in Sources */ = {isa = PBXBuildFile; fileRef = 932023FF2AE00681008A0E06 /* ChineseWordSearchTestApp.swift */; };
		932024022AE00681008A0E06 /* ContentView.swift in Sources */ = {isa = PBXBuildFile; fileRef = 932024012AE00681008A0E06 /* ContentView.swift */; };
		932024042AE00682008A0E06 /* Assets.xcassets in Resources */ = {isa = PBXBuildFile; fileRef = 932024032AE00682008A0E06 /* Assets.xcassets */; };
		932024072AE00682008A0E06 /* Preview Assets.xcassets in Resources */ = {isa = PBXBuildFile; fileRef = 932024062AE00682008A0E06 /* Preview Assets.xcassets */; };
		9320240E2AE008D2008A0E06 /* VocabDataManager.swift in Sources */ = {isa = PBXBuildFile; fileRef = 9320240D2AE008D2008A0E06 /* VocabDataManager.swift */; };
		932024102AE008D9008A0E06 /* Vocab.swift in Sources */ = {isa = PBXBuildFile; fileRef = 9320240F2AE008D9008A0E06 /* Vocab.swift */; };
		932024142AE00AA8008A0E06 /* P1.json in Resources */ = {isa = PBXBuildFile; fileRef = 932024122AE00AA8008A0E06 /* P1.json */; };
		932024152AE00AA8008A0E06 /* P2.json in Resources */ = {isa = PBXBuildFile; fileRef = 932024132AE00AA8008A0E06 /* P2.json */; };
		932024182AE01149008A0E06 /* FolderListView.swift in Sources */ = {isa = PBXBuildFile; fileRef = 932024172AE01149008A0E06 /* FolderListView.swift */; };
		9320241A2AE01572008A0E06 /* VocabDetailsView.swift in Sources */ = {isa = PBXBuildFile; fileRef = 932024192AE01572008A0E06 /* VocabDetailsView.swift */; };
		932024222AE01649008A0E06 /* PinyinFormatter.swift in Sources */ = {isa = PBXBuildFile; fileRef = 9320241C2AE01649008A0E06 /* PinyinFormatter.swift */; };
		932024232AE01649008A0E06 /* unicode_to_hanyu_pinyin.txt in Resources */ = {isa = PBXBuildFile; fileRef = 9320241D2AE01649008A0E06 /* unicode_to_hanyu_pinyin.txt */; };
		932024242AE01649008A0E06 /* String+HanziPinyin.swift in Sources */ = {isa = PBXBuildFile; fileRef = 9320241E2AE01649008A0E06 /* String+HanziPinyin.swift */; };
		932024262AE01649008A0E06 /* HanziPinyin.swift in Sources */ = {isa = PBXBuildFile; fileRef = 932024202AE01649008A0E06 /* HanziPinyin.swift */; };
		93DD69A62AE01E1600439BA9 /* P5.json in Resources */ = {isa = PBXBuildFile; fileRef = 93DD69A22AE01E1500439BA9 /* P5.json */; };
		93DD69A72AE01E1600439BA9 /* P3.json in Resources */ = {isa = PBXBuildFile; fileRef = 93DD69A32AE01E1500439BA9 /* P3.json */; };
		93DD69A82AE01E1600439BA9 /* P6.json in Resources */ = {isa = PBXBuildFile; fileRef = 93DD69A42AE01E1500439BA9 /* P6.json */; };
		93DD69A92AE01E1600439BA9 /* P4.json in Resources */ = {isa = PBXBuildFile; fileRef = 93DD69A52AE01E1600439BA9 /* P4.json */; };
		93DD69AD2AE09D9200439BA9 /* S1.json in Resources */ = {isa = PBXBuildFile; fileRef = 93DD69AA2AE09D9200439BA9 /* S1.json */; };
		93DD69AE2AE09D9200439BA9 /* S2.json in Resources */ = {isa = PBXBuildFile; fileRef = 93DD69AB2AE09D9200439BA9 /* S2.json */; };
		93DD69AF2AE09D9200439BA9 /* S3.json in Resources */ = {isa = PBXBuildFile; fileRef = 93DD69AC2AE09D9200439BA9 /* S3.json */; };
/* End PBXBuildFile section */

/* Begin PBXFileReference section */
		931BFBA42AE0F22500FB1005 /* HierarchicalSearchResultView.swift */ = {isa = PBXFileReference; lastKnownFileType = sourcecode.swift; path = HierarchicalSearchResultView.swift; sourceTree = "<group>"; };
		932023FC2AE00681008A0E06 /* ChineseWordSearchTest.app */ = {isa = PBXFileReference; explicitFileType = wrapper.application; includeInIndex = 0; path = ChineseWordSearchTest.app; sourceTree = BUILT_PRODUCTS_DIR; };
		932023FF2AE00681008A0E06 /* ChineseWordSearchTestApp.swift */ = {isa = PBXFileReference; lastKnownFileType = sourcecode.swift; path = ChineseWordSearchTestApp.swift; sourceTree = "<group>"; };
		932024012AE00681008A0E06 /* ContentView.swift */ = {isa = PBXFileReference; lastKnownFileType = sourcecode.swift; path = ContentView.swift; sourceTree = "<group>"; };
		932024032AE00682008A0E06 /* Assets.xcassets */ = {isa = PBXFileReference; lastKnownFileType = folder.assetcatalog; path = Assets.xcassets; sourceTree = "<group>"; };
		932024062AE00682008A0E06 /* Preview Assets.xcassets */ = {isa = PBXFileReference; lastKnownFileType = folder.assetcatalog; path = "Preview Assets.xcassets"; sourceTree = "<group>"; };
		9320240D2AE008D2008A0E06 /* VocabDataManager.swift */ = {isa = PBXFileReference; lastKnownFileType = sourcecode.swift; path = VocabDataManager.swift; sourceTree = "<group>"; };
		9320240F2AE008D9008A0E06 /* Vocab.swift */ = {isa = PBXFileReference; lastKnownFileType = sourcecode.swift; path = Vocab.swift; sourceTree = "<group>"; };
		932024122AE00AA8008A0E06 /* P1.json */ = {isa = PBXFileReference; fileEncoding = 4; lastKnownFileType = text.json; path = P1.json; sourceTree = "<group>"; };
		932024132AE00AA8008A0E06 /* P2.json */ = {isa = PBXFileReference; fileEncoding = 4; lastKnownFileType = text.json; path = P2.json; sourceTree = "<group>"; };
		932024162AE00AB7008A0E06 /* Info.plist */ = {isa = PBXFileReference; lastKnownFileType = text.plist; path = Info.plist; sourceTree = "<group>"; };
		932024172AE01149008A0E06 /* FolderListView.swift */ = {isa = PBXFileReference; lastKnownFileType = sourcecode.swift; path = FolderListView.swift; sourceTree = "<group>"; };
		932024192AE01572008A0E06 /* VocabDetailsView.swift */ = {isa = PBXFileReference; lastKnownFileType = sourcecode.swift; path = VocabDetailsView.swift; sourceTree = "<group>"; };
		9320241C2AE01649008A0E06 /* PinyinFormatter.swift */ = {isa = PBXFileReference; fileEncoding = 4; lastKnownFileType = sourcecode.swift; path = PinyinFormatter.swift; sourceTree = "<group>"; };
		9320241D2AE01649008A0E06 /* unicode_to_hanyu_pinyin.txt */ = {isa = PBXFileReference; fileEncoding = 4; lastKnownFileType = text; path = unicode_to_hanyu_pinyin.txt; sourceTree = "<group>"; };
		9320241E2AE01649008A0E06 /* String+HanziPinyin.swift */ = {isa = PBXFileReference; fileEncoding = 4; lastKnownFileType = sourcecode.swift; path = "String+HanziPinyin.swift"; sourceTree = "<group>"; };
		932024202AE01649008A0E06 /* HanziPinyin.swift */ = {isa = PBXFileReference; fileEncoding = 4; lastKnownFileType = sourcecode.swift; path = HanziPinyin.swift; sourceTree = "<group>"; };
		93DD69A22AE01E1500439BA9 /* P5.json */ = {isa = PBXFileReference; fileEncoding = 4; lastKnownFileType = text.json; path = P5.json; sourceTree = "<group>"; };
		93DD69A32AE01E1500439BA9 /* P3.json */ = {isa = PBXFileReference; fileEncoding = 4; lastKnownFileType = text.json; path = P3.json; sourceTree = "<group>"; };
		93DD69A42AE01E1500439BA9 /* P6.json */ = {isa = PBXFileReference; fileEncoding = 4; lastKnownFileType = text.json; path = P6.json; sourceTree = "<group>"; };
		93DD69A52AE01E1600439BA9 /* P4.json */ = {isa = PBXFileReference; fileEncoding = 4; lastKnownFileType = text.json; path = P4.json; sourceTree = "<group>"; };
		93DD69AA2AE09D9200439BA9 /* S1.json */ = {isa = PBXFileReference; fileEncoding = 4; lastKnownFileType = text.json; path = S1.json; sourceTree = "<group>"; };
		93DD69AB2AE09D9200439BA9 /* S2.json */ = {isa = PBXFileReference; fileEncoding = 4; lastKnownFileType = text.json; path = S2.json; sourceTree = "<group>"; };
		93DD69AC2AE09D9200439BA9 /* S3.json */ = {isa = PBXFileReference; fileEncoding = 4; lastKnownFileType = text.json; path = S3.json; sourceTree = "<group>"; };
/* End PBXFileReference section */

/* Begin PBXFrameworksBuildPhase section */
		932023F92AE00681008A0E06 /* Frameworks */ = {
			isa = PBXFrameworksBuildPhase;
			buildActionMask = 2147483647;
			files = (
			);
			runOnlyForDeploymentPostprocessing = 0;
		};
/* End PBXFrameworksBuildPhase section */

/* Begin PBXGroup section */
		932023F32AE00681008A0E06 = {
			isa = PBXGroup;
			children = (
				9320241B2AE01649008A0E06 /* PinYin */,
				932023FE2AE00681008A0E06 /* ChineseWordSearchTest */,
				932023FD2AE00681008A0E06 /* Products */,
			);
			sourceTree = "<group>";
		};
		932023FD2AE00681008A0E06 /* Products */ = {
			isa = PBXGroup;
			children = (
				932023FC2AE00681008A0E06 /* ChineseWordSearchTest.app */,
			);
			name = Products;
			sourceTree = "<group>";
		};
		932023FE2AE00681008A0E06 /* ChineseWordSearchTest */ = {
			isa = PBXGroup;
			children = (
				932024162AE00AB7008A0E06 /* Info.plist */,
				932024112AE00A8D008A0E06 /* Data */,
				932023FF2AE00681008A0E06 /* ChineseWordSearchTestApp.swift */,
				932024012AE00681008A0E06 /* ContentView.swift */,
				931BFBA42AE0F22500FB1005 /* HierarchicalSearchResultView.swift */,
				932024172AE01149008A0E06 /* FolderListView.swift */,
				932024192AE01572008A0E06 /* VocabDetailsView.swift */,
				9320240D2AE008D2008A0E06 /* VocabDataManager.swift */,
				9320240F2AE008D9008A0E06 /* Vocab.swift */,
				932024032AE00682008A0E06 /* Assets.xcassets */,
				932024052AE00682008A0E06 /* Preview Content */,
			);
			path = ChineseWordSearchTest;
			sourceTree = "<group>";
		};
		932024052AE00682008A0E06 /* Preview Content */ = {
			isa = PBXGroup;
			children = (
				932024062AE00682008A0E06 /* Preview Assets.xcassets */,
			);
			path = "Preview Content";
			sourceTree = "<group>";
		};
		932024112AE00A8D008A0E06 /* Data */ = {
			isa = PBXGroup;
			children = (
				932024122AE00AA8008A0E06 /* P1.json */,
				932024132AE00AA8008A0E06 /* P2.json */,
				93DD69A32AE01E1500439BA9 /* P3.json */,
				93DD69A52AE01E1600439BA9 /* P4.json */,
				93DD69A22AE01E1500439BA9 /* P5.json */,
				93DD69A42AE01E1500439BA9 /* P6.json */,
				93DD69AA2AE09D9200439BA9 /* S1.json */,
				93DD69AB2AE09D9200439BA9 /* S2.json */,
				93DD69AC2AE09D9200439BA9 /* S3.json */,
			);
			path = Data;
			sourceTree = "<group>";
		};
		9320241B2AE01649008A0E06 /* PinYin */ = {
			isa = PBXGroup;
			children = (
				9320241C2AE01649008A0E06 /* PinyinFormatter.swift */,
				9320241D2AE01649008A0E06 /* unicode_to_hanyu_pinyin.txt */,
				9320241E2AE01649008A0E06 /* String+HanziPinyin.swift */,
				932024202AE01649008A0E06 /* HanziPinyin.swift */,
			);
			path = PinYin;
			sourceTree = "<group>";
		};
/* End PBXGroup section */

/* Begin PBXNativeTarget section */
		932023FB2AE00681008A0E06 /* ChineseWordSearchTest */ = {
			isa = PBXNativeTarget;
			buildConfigurationList = 9320240A2AE00682008A0E06 /* Build configuration list for PBXNativeTarget "ChineseWordSearchTest" */;
			buildPhases = (
				932023F82AE00681008A0E06 /* Sources */,
				932023F92AE00681008A0E06 /* Frameworks */,
				932023FA2AE00681008A0E06 /* Resources */,
			);
			buildRules = (
			);
			dependencies = (
			);
			name = ChineseWordSearchTest;
			productName = ChineseWordSearchTest;
			productReference = 932023FC2AE00681008A0E06 /* ChineseWordSearchTest.app */;
			productType = "com.apple.product-type.application";
		};
/* End PBXNativeTarget section */

/* Begin PBXProject section */
		932023F42AE00681008A0E06 /* Project object */ = {
			isa = PBXProject;
			attributes = {
				BuildIndependentTargetsInParallel = 1;
				LastSwiftUpdateCheck = 1500;
				LastUpgradeCheck = 1500;
				TargetAttributes = {
					932023FB2AE00681008A0E06 = {
						CreatedOnToolsVersion = 15.0;
					};
				};
			};
			buildConfigurationList = 932023F72AE00681008A0E06 /* Build configuration list for PBXProject "ChineseWordSearchTest" */;
			compatibilityVersion = "Xcode 14.0";
			developmentRegion = en;
			hasScannedForEncodings = 0;
			knownRegions = (
				en,
				Base,
			);
			mainGroup = 932023F32AE00681008A0E06;
			productRefGroup = 932023FD2AE00681008A0E06 /* Products */;
			projectDirPath = "";
			projectRoot = "";
			targets = (
				932023FB2AE00681008A0E06 /* ChineseWordSearchTest */,
			);
		};
/* End PBXProject section */

/* Begin PBXResourcesBuildPhase section */
		932023FA2AE00681008A0E06 /* Resources */ = {
			isa = PBXResourcesBuildPhase;
			buildActionMask = 2147483647;
			files = (
				93DD69A72AE01E1600439BA9 /* P3.json in Resources */,
				93DD69A62AE01E1600439BA9 /* P5.json in Resources */,
				932024142AE00AA8008A0E06 /* P1.json in Resources */,
				93DD69AE2AE09D9200439BA9 /* S2.json in Resources */,
				93DD69A92AE01E1600439BA9 /* P4.json in Resources */,
				932024152AE00AA8008A0E06 /* P2.json in Resources */,
				932024072AE00682008A0E06 /* Preview Assets.xcassets in Resources */,
				93DD69A82AE01E1600439BA9 /* P6.json in Resources */,
				932024042AE00682008A0E06 /* Assets.xcassets in Resources */,
				93DD69AF2AE09D9200439BA9 /* S3.json in Resources */,
				932024232AE01649008A0E06 /* unicode_to_hanyu_pinyin.txt in Resources */,
				93DD69AD2AE09D9200439BA9 /* S1.json in Resources */,
			);
			runOnlyForDeploymentPostprocessing = 0;
		};
/* End PBXResourcesBuildPhase section */

/* Begin PBXSourcesBuildPhase section */
		932023F82AE00681008A0E06 /* Sources */ = {
			isa = PBXSourcesBuildPhase;
			buildActionMask = 2147483647;
			files = (
				9320240E2AE008D2008A0E06 /* VocabDataManager.swift in Sources */,
				932024022AE00681008A0E06 /* ContentView.swift in Sources */,
				932024002AE00681008A0E06 /* ChineseWordSearchTestApp.swift in Sources */,
				931BFBA52AE0F22500FB1005 /* HierarchicalSearchResultView.swift in Sources */,
				932024182AE01149008A0E06 /* FolderListView.swift in Sources */,
				932024262AE01649008A0E06 /* HanziPinyin.swift in Sources */,
				932024222AE01649008A0E06 /* PinyinFormatter.swift in Sources */,
				932024102AE008D9008A0E06 /* Vocab.swift in Sources */,
				932024242AE01649008A0E06 /* String+HanziPinyin.swift in Sources */,
				9320241A2AE01572008A0E06 /* VocabDetailsView.swift in Sources */,
			);
			runOnlyForDeploymentPostprocessing = 0;
		};
/* End PBXSourcesBuildPhase section */

/* Begin XCBuildConfiguration section */
		932024082AE00682008A0E06 /* Debug */ = {
			isa = XCBuildConfiguration;
			buildSettings = {
				ALWAYS_SEARCH_USER_PATHS = NO;
				ASSETCATALOG_COMPILER_GENERATE_SWIFT_ASSET_SYMBOL_EXTENSIONS = YES;
				CLANG_ANALYZER_NONNULL = YES;
				CLANG_ANALYZER_NUMBER_OBJECT_CONVERSION = YES_AGGRESSIVE;
				CLANG_CXX_LANGUAGE_STANDARD = "gnu++20";
				CLANG_ENABLE_MODULES = YES;
				CLANG_ENABLE_OBJC_ARC = YES;
				CLANG_ENABLE_OBJC_WEAK = YES;
				CLANG_WARN_BLOCK_CAPTURE_AUTORELEASING = YES;
				CLANG_WARN_BOOL_CONVERSION = YES;
				CLANG_WARN_COMMA = YES;
				CLANG_WARN_CONSTANT_CONVERSION = YES;
				CLANG_WARN_DEPRECATED_OBJC_IMPLEMENTATIONS = YES;
				CLANG_WARN_DIRECT_OBJC_ISA_USAGE = YES_ERROR;
				CLANG_WARN_DOCUMENTATION_COMMENTS = YES;
				CLANG_WARN_EMPTY_BODY = YES;
				CLANG_WARN_ENUM_CONVERSION = YES;
				CLANG_WARN_INFINITE_RECURSION = YES;
				CLANG_WARN_INT_CONVERSION = YES;
				CLANG_WARN_NON_LITERAL_NULL_CONVERSION = YES;
				CLANG_WARN_OBJC_IMPLICIT_RETAIN_SELF = YES;
				CLANG_WARN_OBJC_LITERAL_CONVERSION = YES;
				CLANG_WARN_OBJC_ROOT_CLASS = YES_ERROR;
				CLANG_WARN_QUOTED_INCLUDE_IN_FRAMEWORK_HEADER = YES;
				CLANG_WARN_RANGE_LOOP_ANALYSIS = YES;
				CLANG_WARN_STRICT_PROTOTYPES = YES;
				CLANG_WARN_SUSPICIOUS_MOVE = YES;
				CLANG_WARN_UNGUARDED_AVAILABILITY = YES_AGGRESSIVE;
				CLANG_WARN_UNREACHABLE_CODE = YES;
				CLANG_WARN__DUPLICATE_METHOD_MATCH = YES;
				COPY_PHASE_STRIP = NO;
				DEBUG_INFORMATION_FORMAT = dwarf;
				ENABLE_STRICT_OBJC_MSGSEND = YES;
				ENABLE_TESTABILITY = YES;
				ENABLE_USER_SCRIPT_SANDBOXING = YES;
				GCC_C_LANGUAGE_STANDARD = gnu17;
				GCC_DYNAMIC_NO_PIC = NO;
				GCC_NO_COMMON_BLOCKS = YES;
				GCC_OPTIMIZATION_LEVEL = 0;
				GCC_PREPROCESSOR_DEFINITIONS = (
					"DEBUG=1",
					"$(inherited)",
				);
				GCC_WARN_64_TO_32_BIT_CONVERSION = YES;
				GCC_WARN_ABOUT_RETURN_TYPE = YES_ERROR;
				GCC_WARN_UNDECLARED_SELECTOR = YES;
				GCC_WARN_UNINITIALIZED_AUTOS = YES_AGGRESSIVE;
				GCC_WARN_UNUSED_FUNCTION = YES;
				GCC_WARN_UNUSED_VARIABLE = YES;
				IPHONEOS_DEPLOYMENT_TARGET = 17.0;
				LOCALIZATION_PREFERS_STRING_CATALOGS = YES;
				MTL_ENABLE_DEBUG_INFO = INCLUDE_SOURCE;
				MTL_FAST_MATH = YES;
				ONLY_ACTIVE_ARCH = YES;
				SDKROOT = iphoneos;
				SWIFT_ACTIVE_COMPILATION_CONDITIONS = "DEBUG $(inherited)";
				SWIFT_OPTIMIZATION_LEVEL = "-Onone";
			};
			name = Debug;
		};
		932024092AE00682008A0E06 /* Release */ = {
			isa = XCBuildConfiguration;
			buildSettings = {
				ALWAYS_SEARCH_USER_PATHS = NO;
				ASSETCATALOG_COMPILER_GENERATE_SWIFT_ASSET_SYMBOL_EXTENSIONS = YES;
				CLANG_ANALYZER_NONNULL = YES;
				CLANG_ANALYZER_NUMBER_OBJECT_CONVERSION = YES_AGGRESSIVE;
				CLANG_CXX_LANGUAGE_STANDARD = "gnu++20";
				CLANG_ENABLE_MODULES = YES;
				CLANG_ENABLE_OBJC_ARC = YES;
				CLANG_ENABLE_OBJC_WEAK = YES;
				CLANG_WARN_BLOCK_CAPTURE_AUTORELEASING = YES;
				CLANG_WARN_BOOL_CONVERSION = YES;
				CLANG_WARN_COMMA = YES;
				CLANG_WARN_CONSTANT_CONVERSION = YES;
				CLANG_WARN_DEPRECATED_OBJC_IMPLEMENTATIONS = YES;
				CLANG_WARN_DIRECT_OBJC_ISA_USAGE = YES_ERROR;
				CLANG_WARN_DOCUMENTATION_COMMENTS = YES;
				CLANG_WARN_EMPTY_BODY = YES;
				CLANG_WARN_ENUM_CONVERSION = YES;
				CLANG_WARN_INFINITE_RECURSION = YES;
				CLANG_WARN_INT_CONVERSION = YES;
				CLANG_WARN_NON_LITERAL_NULL_CONVERSION = YES;
				CLANG_WARN_OBJC_IMPLICIT_RETAIN_SELF = YES;
				CLANG_WARN_OBJC_LITERAL_CONVERSION = YES;
				CLANG_WARN_OBJC_ROOT_CLASS = YES_ERROR;
				CLANG_WARN_QUOTED_INCLUDE_IN_FRAMEWORK_HEADER = YES;
				CLANG_WARN_RANGE_LOOP_ANALYSIS = YES;
				CLANG_WARN_STRICT_PROTOTYPES = YES;
				CLANG_WARN_SUSPICIOUS_MOVE = YES;
				CLANG_WARN_UNGUARDED_AVAILABILITY = YES_AGGRESSIVE;
				CLANG_WARN_UNREACHABLE_CODE = YES;
				CLANG_WARN__DUPLICATE_METHOD_MATCH = YES;
				COPY_PHASE_STRIP = NO;
				DEBUG_INFORMATION_FORMAT = "dwarf-with-dsym";
				ENABLE_NS_ASSERTIONS = NO;
				ENABLE_STRICT_OBJC_MSGSEND = YES;
				ENABLE_USER_SCRIPT_SANDBOXING = YES;
				GCC_C_LANGUAGE_STANDARD = gnu17;
				GCC_NO_COMMON_BLOCKS = YES;
				GCC_WARN_64_TO_32_BIT_CONVERSION = YES;
				GCC_WARN_ABOUT_RETURN_TYPE = YES_ERROR;
				GCC_WARN_UNDECLARED_SELECTOR = YES;
				GCC_WARN_UNINITIALIZED_AUTOS = YES_AGGRESSIVE;
				GCC_WARN_UNUSED_FUNCTION = YES;
				GCC_WARN_UNUSED_VARIABLE = YES;
				IPHONEOS_DEPLOYMENT_TARGET = 17.0;
				LOCALIZATION_PREFERS_STRING_CATALOGS = YES;
				MTL_ENABLE_DEBUG_INFO = NO;
				MTL_FAST_MATH = YES;
				SDKROOT = iphoneos;
				SWIFT_COMPILATION_MODE = wholemodule;
				VALIDATE_PRODUCT = YES;
			};
			name = Release;
		};
		9320240B2AE00682008A0E06 /* Debug */ = {
			isa = XCBuildConfiguration;
			buildSettings = {
				ASSETCATALOG_COMPILER_APPICON_NAME = AppIcon;
				ASSETCATALOG_COMPILER_GLOBAL_ACCENT_COLOR_NAME = AccentColor;
				CODE_SIGN_STYLE = Automatic;
				CURRENT_PROJECT_VERSION = 1;
				DEVELOPMENT_ASSET_PATHS = "\"ChineseWordSearchTest/Preview Content\"";
				DEVELOPMENT_TEAM = Z88Z98GRZQ;
				ENABLE_PREVIEWS = YES;
				GENERATE_INFOPLIST_FILE = YES;
				INFOPLIST_FILE = ChineseWordSearchTest/Info.plist;
				INFOPLIST_KEY_UIApplicationSceneManifest_Generation = YES;
				INFOPLIST_KEY_UIApplicationSupportsIndirectInputEvents = YES;
				INFOPLIST_KEY_UILaunchScreen_Generation = YES;
				INFOPLIST_KEY_UISupportedInterfaceOrientations_iPad = "UIInterfaceOrientationPortrait UIInterfaceOrientationPortraitUpsideDown UIInterfaceOrientationLandscapeLeft UIInterfaceOrientationLandscapeRight";
				INFOPLIST_KEY_UISupportedInterfaceOrientations_iPhone = "UIInterfaceOrientationPortrait UIInterfaceOrientationLandscapeLeft UIInterfaceOrientationLandscapeRight";
				LD_RUNPATH_SEARCH_PATHS = (
					"$(inherited)",
					"@executable_path/Frameworks",
				);
				MARKETING_VERSION = 1.0;
				PRODUCT_BUNDLE_IDENTIFIER = com.kaithebuilder.ChineseWordSearchTest;
				PRODUCT_NAME = "$(TARGET_NAME)";
				SWIFT_EMIT_LOC_STRINGS = YES;
				SWIFT_VERSION = 5.0;
				TARGETED_DEVICE_FAMILY = "1,2";
			};
			name = Debug;
		};
		9320240C2AE00682008A0E06 /* Release */ = {
			isa = XCBuildConfiguration;
			buildSettings = {
				ASSETCATALOG_COMPILER_APPICON_NAME = AppIcon;
				ASSETCATALOG_COMPILER_GLOBAL_ACCENT_COLOR_NAME = AccentColor;
				CODE_SIGN_STYLE = Automatic;
				CURRENT_PROJECT_VERSION = 1;
				DEVELOPMENT_ASSET_PATHS = "\"ChineseWordSearchTest/Preview Content\"";
				DEVELOPMENT_TEAM = Z88Z98GRZQ;
				ENABLE_PREVIEWS = YES;
				GENERATE_INFOPLIST_FILE = YES;
				INFOPLIST_FILE = ChineseWordSearchTest/Info.plist;
				INFOPLIST_KEY_UIApplicationSceneManifest_Generation = YES;
				INFOPLIST_KEY_UIApplicationSupportsIndirectInputEvents = YES;
				INFOPLIST_KEY_UILaunchScreen_Generation = YES;
				INFOPLIST_KEY_UISupportedInterfaceOrientations_iPad = "UIInterfaceOrientationPortrait UIInterfaceOrientationPortraitUpsideDown UIInterfaceOrientationLandscapeLeft UIInterfaceOrientationLandscapeRight";
				INFOPLIST_KEY_UISupportedInterfaceOrientations_iPhone = "UIInterfaceOrientationPortrait UIInterfaceOrientationLandscapeLeft UIInterfaceOrientationLandscapeRight";
				LD_RUNPATH_SEARCH_PATHS = (
					"$(inherited)",
					"@executable_path/Frameworks",
				);
				MARKETING_VERSION = 1.0;
				PRODUCT_BUNDLE_IDENTIFIER = com.kaithebuilder.ChineseWordSearchTest;
				PRODUCT_NAME = "$(TARGET_NAME)";
				SWIFT_EMIT_LOC_STRINGS = YES;
				SWIFT_VERSION = 5.0;
				TARGETED_DEVICE_FAMILY = "1,2";
			};
			name = Release;
		};
/* End XCBuildConfiguration section */

/* Begin XCConfigurationList section */
		932023F72AE00681008A0E06 /* Build configuration list for PBXProject "ChineseWordSearchTest" */ = {
			isa = XCConfigurationList;
			buildConfigurations = (
				932024082AE00682008A0E06 /* Debug */,
				932024092AE00682008A0E06 /* Release */,
			);
			defaultConfigurationIsVisible = 0;
			defaultConfigurationName = Release;
		};
		9320240A2AE00682008A0E06 /* Build configuration list for PBXNativeTarget "ChineseWordSearchTest" */ = {
			isa = XCConfigurationList;
			buildConfigurations = (
				9320240B2AE00682008A0E06 /* Debug */,
				9320240C2AE00682008A0E06 /* Release */,
			);
			defaultConfigurationIsVisible = 0;
			defaultConfigurationName = Release;
		};
/* End XCConfigurationList section */
	};
	rootObject = 932023F42AE00681008A0E06 /* Project object */;
}
